
Microsoft Visual Studio Solution File, Format Version 12.00
# Visual Studio Version 16
VisualStudioVersion = 16.0.32002.261
MinimumVisualStudioVersion = 10.0.40219.1
Project("{FAE04EC0-301F-11D3-BF4B-00C04F79EFBC}") = "WindowsFormsApp1", "WindowsFormsApp1\WindowsFormsApp1.csproj", "{AD36EAF3-2A6D-416E-901F-8A9C5A71A725}"
EndProject
Global
	GlobalSection(SolutionConfigurationPlatforms) = preSolution
		Debug|Any CPU = Debug|Any CPU
		Release|Any CPU = Release|Any CPU
	EndGlobalSection
	GlobalSection(ProjectConfigurationPlatforms) = postSolution
		{AD36EAF3-2A6D-416E-901F-8A9C5A71A725}.Debug|Any CPU.ActiveCfg = Debug|Any CPU
		{AD36EAF3-2A6D-416E-901F-8A9C5A71A725}.Debug|Any CPU.Build.0 = Debug|Any CPU
		{AD36EAF3-2A6D-416E-901F-8A9C5A71A725}.Release|Any CPU.ActiveCfg = Release|Any CPU
		{AD36EAF3-2A6D-416E-901F-8A9C5A71A725}.Release|Any CPU.Build.0 = Release|Any CPU
	EndGlobalSection
	GlobalSection(SolutionProperties) = preSolution
		HideSolutionNode = FALSE
	EndGlobalSection
	GlobalSection(ExtensibilityGlobals) = postSolution
		SolutionGuid = {11D2A937-C277-44ED-8288-CB3B46DDC964}
	EndGlobalSection
EndGlobal
